
Microsoft Visual Studio Solution File, Format Version 12.00
# Visual Studio 15
Project("{FAE04EC0-301F-11D3-BF4B-00C04F79EFBC}") = "Assembly-CSharp", "Assembly-CSharp.csproj", "{95048C4B-83EB-30FD-72CB-9E852A6655EE}"
EndProject
Project("{FAE04EC0-301F-11D3-BF4B-00C04F79EFBC}") = "Assembly-CSharp-Editor", "Assembly-CSharp-Editor.csproj", "{955DE446-7E88-E39A-C00E-1B2D4638B240}"
EndProject
Global
	GlobalSection(SolutionConfigurationPlatforms) = preSolution
		Debug|Any CPU = Debug|Any CPU
		Release|Any CPU = Release|Any CPU
	EndGlobalSection
	GlobalSection(ProjectConfigurationPlatforms) = postSolution
		{95048C4B-83EB-30FD-72CB-9E852A6655EE}.Debug|Any CPU.ActiveCfg = Debug|Any CPU
		{95048C4B-83EB-30FD-72CB-9E852A6655EE}.Debug|Any CPU.Build.0 = Debug|Any CPU
		{95048C4B-83EB-30FD-72CB-9E852A6655EE}.Release|Any CPU.ActiveCfg = Release|Any CPU
		{95048C4B-83EB-30FD-72CB-9E852A6655EE}.Release|Any CPU.Build.0 = Release|Any CPU
		{955DE446-7E88-E39A-C00E-1B2D4638B240}.Debug|Any CPU.ActiveCfg = Debug|Any CPU
		{955DE446-7E88-E39A-C00E-1B2D4638B240}.Debug|Any CPU.Build.0 = Debug|Any CPU
		{955DE446-7E88-E39A-C00E-1B2D4638B240}.Release|Any CPU.ActiveCfg = Release|Any CPU
		{955DE446-7E88-E39A-C00E-1B2D4638B240}.Release|Any CPU.Build.0 = Release|Any CPU
	EndGlobalSection
	GlobalSection(SolutionProperties) = preSolution
		HideSolutionNode = FALSE
	EndGlobalSection
EndGlobal
